
Microsoft Visual Studio Solution File, Format Version 12.00
# Visual Studio 15
VisualStudioVersion = 15.0.27004.2009
MinimumVisualStudioVersion = 10.0.40219.1
Project("{FAE04EC0-301F-11D3-BF4B-00C04F79EFBC}") = "MyApp.Login", "MyApp.Login\MyApp.Login.csproj", "{122F9375-6329-49DE-8C3A-BCC25A075ED5}"
EndProject
Project("{FAE04EC0-301F-11D3-BF4B-00C04F79EFBC}") = "MyApp.Login.Tests", "MyApp.Login.Tests\MyApp.Login.Tests.csproj", "{76D81D01-DE4E-4094-9CFB-21BA5ACE8162}"
EndProject
Global
	GlobalSection(SolutionConfigurationPlatforms) = preSolution
		Debug|Any CPU = Debug|Any CPU
		Release|Any CPU = Release|Any CPU
	EndGlobalSection
	GlobalSection(ProjectConfigurationPlatforms) = postSolution
		{122F9375-6329-49DE-8C3A-BCC25A075ED5}.Debug|Any CPU.ActiveCfg = Debug|Any CPU
		{122F9375-6329-49DE-8C3A-BCC25A075ED5}.Debug|Any CPU.Build.0 = Debug|Any CPU
		{122F9375-6329-49DE-8C3A-BCC25A075ED5}.Release|Any CPU.ActiveCfg = Release|Any CPU
		{122F9375-6329-49DE-8C3A-BCC25A075ED5}.Release|Any CPU.Build.0 = Release|Any CPU
		{76D81D01-DE4E-4094-9CFB-21BA5ACE8162}.Debug|Any CPU.ActiveCfg = Debug|Any CPU
		{76D81D01-DE4E-4094-9CFB-21BA5ACE8162}.Debug|Any CPU.Build.0 = Debug|Any CPU
		{76D81D01-DE4E-4094-9CFB-21BA5ACE8162}.Release|Any CPU.ActiveCfg = Release|Any CPU
		{76D81D01-DE4E-4094-9CFB-21BA5ACE8162}.Release|Any CPU.Build.0 = Release|Any CPU
	EndGlobalSection
	GlobalSection(SolutionProperties) = preSolution
		HideSolutionNode = FALSE
	EndGlobalSection
	GlobalSection(ExtensibilityGlobals) = postSolution
		SolutionGuid = {0F30536B-D2B5-47DA-9239-055F89B9D17D}
	EndGlobalSection
EndGlobal
